
Microsoft Visual Studio Solution File, Format Version 12.00
# Visual Studio Version 17
VisualStudioVersion = 17.0.31903.59
MinimumVisualStudioVersion = 10.0.40219.1
Project("{FAE04EC0-301F-11D3-BF4B-00C04F79EFBC}") = "Zustandf", "Zustandf.csproj", "{69C4C454-01E2-4BC4-819C-3D92366E07EB}"
EndProject
Global
	GlobalSection(SolutionConfigurationPlatforms) = preSolution
		Debug|Any CPU = Debug|Any CPU
		Release|Any CPU = Release|Any CPU
	EndGlobalSection
	GlobalSection(SolutionProperties) = preSolution
		HideSolutionNode = FALSE
	EndGlobalSection
	GlobalSection(ProjectConfigurationPlatforms) = postSolution
		{69C4C454-01E2-4BC4-819C-3D92366E07EB}.Debug|Any CPU.ActiveCfg = Debug|Any CPU
		{69C4C454-01E2-4BC4-819C-3D92366E07EB}.Debug|Any CPU.Build.0 = Debug|Any CPU
		{69C4C454-01E2-4BC4-819C-3D92366E07EB}.Release|Any CPU.ActiveCfg = Release|Any CPU
		{69C4C454-01E2-4BC4-819C-3D92366E07EB}.Release|Any CPU.Build.0 = Release|Any CPU
	EndGlobalSection
EndGlobal
